
Microsoft Visual Studio Solution File, Format Version 12.00
# Visual Studio Version 16
VisualStudioVersion = 16.0.31702.278
MinimumVisualStudioVersion = 10.0.40219.1
Project("{8BC9CEB8-8B4A-11D0-8D11-00A0C91BC942}") = "AlphabetRecognize", "AlphabetRecognize.vcxproj", "{77C3B4D9-0775-42EF-A626-D5A5A9D006EC}"
EndProject
Global
	GlobalSection(SolutionConfigurationPlatforms) = preSolution
		Debug|x64 = Debug|x64
		Debug|x86 = Debug|x86
		Release|x64 = Release|x64
		Release|x86 = Release|x86
	EndGlobalSection
	GlobalSection(ProjectConfigurationPlatforms) = postSolution
		{77C3B4D9-0775-42EF-A626-D5A5A9D006EC}.Debug|x64.ActiveCfg = Debug|x64
		{77C3B4D9-0775-42EF-A626-D5A5A9D006EC}.Debug|x64.Build.0 = Debug|x64
		{77C3B4D9-0775-42EF-A626-D5A5A9D006EC}.Debug|x86.ActiveCfg = Debug|Win32
		{77C3B4D9-0775-42EF-A626-D5A5A9D006EC}.Debug|x86.Build.0 = Debug|Win32
		{77C3B4D9-0775-42EF-A626-D5A5A9D006EC}.Release|x64.ActiveCfg = Release|x64
		{77C3B4D9-0775-42EF-A626-D5A5A9D006EC}.Release|x64.Build.0 = Release|x64
		{77C3B4D9-0775-42EF-A626-D5A5A9D006EC}.Release|x86.ActiveCfg = Release|Win32
		{77C3B4D9-0775-42EF-A626-D5A5A9D006EC}.Release|x86.Build.0 = Release|Win32
	EndGlobalSection
	GlobalSection(SolutionProperties) = preSolution
		HideSolutionNode = FALSE
	EndGlobalSection
	GlobalSection(ExtensibilityGlobals) = postSolution
		SolutionGuid = {832D2234-7344-4E10-9D35-F37AD1AB27D5}
	EndGlobalSection
EndGlobal
